# This file is automatically @generated by Cargo.
# It is not intended for manual editing.
version = 3

[[package]]
name = "cat-ascii-faces"
version = "0.1.4"
dependencies = [
 "tinyrand",
]

[[package]]
name = "tinyrand"
version = "0.5.0"
source = "registry+https://github.com/rust-lang/crates.io-index"
checksum = "87ffaad2263779579369d45f65cad0647c860893d27e4543cdcc1e428d07da2c"
